// !$*UTF8*$!
{
	archiveVersion = 1;
	classes = {
	};
	objectVersion = 50;
	objects = {

/* Begin PBXBuildFile section */
		558813DD24CFFDDA00E9C857 /* AppDelegate.swift in Sources */ = {isa = PBXBuildFile; fileRef = 558813DC24CFFDDA00E9C857 /* AppDelegate.swift */; };
		558813DF24CFFDDA00E9C857 /* SceneDelegate.swift in Sources */ = {isa = PBXBuildFile; fileRef = 558813DE24CFFDDA00E9C857 /* SceneDelegate.swift */; };
		558813E124CFFDDA00E9C857 /* ViewController.swift in Sources */ = {isa = PBXBuildFile; fileRef = 558813E024CFFDDA00E9C857 /* ViewController.swift */; };
		558813E424CFFDDA00E9C857 /* Main.storyboard in Resources */ = {isa = PBXBuildFile; fileRef = 558813E224CFFDDA00E9C857 /* Main.storyboard */; };
		558813E624CFFDDD00E9C857 /* Assets.xcassets in Resources */ = {isa = PBXBuildFile; fileRef = 558813E524CFFDDD00E9C857 /* Assets.xcassets */; };
		558813E924CFFDDD00E9C857 /* LaunchScreen.storyboard in Resources */ = {isa = PBXBuildFile; fileRef = 558813E724CFFDDD00E9C857 /* LaunchScreen.storyboard */; };
		558813F124CFFE8200E9C857 /* KakaoOpenSDK.framework in Frameworks */ = {isa = PBXBuildFile; fileRef = 558813F024CFFE8200E9C857 /* KakaoOpenSDK.framework */; };
		558813F424D007F900E9C857 /* AlertExtension.swift in Sources */ = {isa = PBXBuildFile; fileRef = 558813F324D007F900E9C857 /* AlertExtension.swift */; };
/* End PBXBuildFile section */

/* Begin PBXFileReference section */
		558813D924CFFDDA00E9C857 /* kakaoLogin.app */ = {isa = PBXFileReference; explicitFileType = wrapper.application; includeInIndex = 0; path = kakaoLogin.app; sourceTree = BUILT_PRODUCTS_DIR; };
		558813DC24CFFDDA00E9C857 /* AppDelegate.swift */ = {isa = PBXFileReference; lastKnownFileType = sourcecode.swift; path = AppDelegate.swift; sourceTree = "<group>"; };
		558813DE24CFFDDA00E9C857 /* SceneDelegate.swift */ = {isa = PBXFileReference; lastKnownFileType = sourcecode.swift; path = SceneDelegate.swift; sourceTree = "<group>"; };
		558813E024CFFDDA00E9C857 /* ViewController.swift */ = {isa = PBXFileReference; lastKnownFileType = sourcecode.swift; path = ViewController.swift; sourceTree = "<group>"; };
		558813E324CFFDDA00E9C857 /* Base */ = {isa = PBXFileReference; lastKnownFileType = file.storyboard; name = Base; path = Base.lproj/Main.storyboard; sourceTree = "<group>"; };
		558813E524CFFDDD00E9C857 /* Assets.xcassets */ = {isa = PBXFileReference; lastKnownFileType = folder.assetcatalog; path = Assets.xcassets; sourceTree = "<group>"; };
		558813E824CFFDDD00E9C857 /* Base */ = {isa = PBXFileReference; lastKnownFileType = file.storyboard; name = Base; path = Base.lproj/LaunchScreen.storyboard; sourceTree = "<group>"; };
		558813EA24CFFDDD00E9C857 /* Info.plist */ = {isa = PBXFileReference; lastKnownFileType = text.plist.xml; path = Info.plist; sourceTree = "<group>"; };
		558813F024CFFE8200E9C857 /* KakaoOpenSDK.framework */ = {isa = PBXFileReference; lastKnownFileType = wrapper.framework; path = KakaoOpenSDK.framework; sourceTree = "<group>"; };
		558813F224D0014700E9C857 /* KakaoOpenSDK-Bridging-Header.h */ = {isa = PBXFileReference; fileEncoding = 4; lastKnownFileType = sourcecode.c.h; path = "KakaoOpenSDK-Bridging-Header.h"; sourceTree = "<group>"; };
		558813F324D007F900E9C857 /* AlertExtension.swift */ = {isa = PBXFileReference; fileEncoding = 4; lastKnownFileType = sourcecode.swift; path = AlertExtension.swift; sourceTree = "<group>"; };
/* End PBXFileReference section */

/* Begin PBXFrameworksBuildPhase section */
		558813D624CFFDDA00E9C857 /* Frameworks */ = {
			isa = PBXFrameworksBuildPhase;
			buildActionMask = 2147483647;
			files = (
				558813F124CFFE8200E9C857 /* KakaoOpenSDK.framework in Frameworks */,
			);
			runOnlyForDeploymentPostprocessing = 0;
		};
/* End PBXFrameworksBuildPhase section */

/* Begin PBXGroup section */
		558813D024CFFDDA00E9C857 = {
			isa = PBXGroup;
			children = (
				558813F224D0014700E9C857 /* KakaoOpenSDK-Bridging-Header.h */,
				558813DB24CFFDDA00E9C857 /* kakaoLogin */,
				558813DA24CFFDDA00E9C857 /* Products */,
				558813F024CFFE8200E9C857 /* KakaoOpenSDK.framework */,
			);
			sourceTree = "<group>";
		};
		558813DA24CFFDDA00E9C857 /* Products */ = {
			isa = PBXGroup;
			children = (
				558813D924CFFDDA00E9C857 /* kakaoLogin.app */,
			);
			name = Products;
			sourceTree = "<group>";
		};
		558813DB24CFFDDA00E9C857 /* kakaoLogin */ = {
			isa = PBXGroup;
			children = (
				558813F324D007F900E9C857 /* AlertExtension.swift */,
				558813DC24CFFDDA00E9C857 /* AppDelegate.swift */,
				558813DE24CFFDDA00E9C857 /* SceneDelegate.swift */,
				558813E024CFFDDA00E9C857 /* ViewController.swift */,
				558813E224CFFDDA00E9C857 /* Main.storyboard */,
				558813E524CFFDDD00E9C857 /* Assets.xcassets */,
				558813E724CFFDDD00E9C857 /* LaunchScreen.storyboard */,
				558813EA24CFFDDD00E9C857 /* Info.plist */,
			);
			path = kakaoLogin;
			sourceTree = "<group>";
		};
/* End PBXGroup section */

/* Begin PBXNativeTarget section */
		558813D824CFFDDA00E9C857 /* kakaoLogin */ = {
			isa = PBXNativeTarget;
			buildConfigurationList = 558813ED24CFFDDD00E9C857 /* Build configuration list for PBXNativeTarget "kakaoLogin" */;
			buildPhases = (
				558813D524CFFDDA00E9C857 /* Sources */,
				558813D624CFFDDA00E9C857 /* Frameworks */,
				558813D724CFFDDA00E9C857 /* Resources */,
			);
			buildRules = (
			);
			dependencies = (
			);
			name = kakaoLogin;
			productName = kakaoLogin;
			productReference = 558813D924CFFDDA00E9C857 /* kakaoLogin.app */;
			productType = "com.apple.product-type.application";
		};
/* End PBXNativeTarget section */

/* Begin PBXProject section */
		558813D124CFFDDA00E9C857 /* Project object */ = {
			isa = PBXProject;
			attributes = {
				LastSwiftUpdateCheck = 1160;
				LastUpgradeCheck = 1160;
				ORGANIZATIONNAME = "강병우";
				TargetAttributes = {
					558813D824CFFDDA00E9C857 = {
						CreatedOnToolsVersion = 11.6;
					};
				};
			};
			buildConfigurationList = 558813D424CFFDDA00E9C857 /* Build configuration list for PBXProject "kakaoLogin" */;
			compatibilityVersion = "Xcode 9.3";
			developmentRegion = en;
			hasScannedForEncodings = 0;
			knownRegions = (
				en,
				Base,
			);
			mainGroup = 558813D024CFFDDA00E9C857;
			productRefGroup = 558813DA24CFFDDA00E9C857 /* Products */;
			projectDirPath = "";
			projectRoot = "";
			targets = (
				558813D824CFFDDA00E9C857 /* kakaoLogin */,
			);
		};
/* End PBXProject section */

/* Begin PBXResourcesBuildPhase section */
		558813D724CFFDDA00E9C857 /* Resources */ = {
			isa = PBXResourcesBuildPhase;
			buildActionMask = 2147483647;
			files = (
				558813E924CFFDDD00E9C857 /* LaunchScreen.storyboard in Resources */,
				558813E624CFFDDD00E9C857 /* Assets.xcassets in Resources */,
				558813E424CFFDDA00E9C857 /* Main.storyboard in Resources */,
			);
			runOnlyForDeploymentPostprocessing = 0;
		};
/* End PBXResourcesBuildPhase section */

/* Begin PBXSourcesBuildPhase section */
		558813D524CFFDDA00E9C857 /* Sources */ = {
			isa = PBXSourcesBuildPhase;
			buildActionMask = 2147483647;
			files = (
				558813F424D007F900E9C857 /* AlertExtension.swift in Sources */,
				558813E124CFFDDA00E9C857 /* ViewController.swift in Sources */,
				558813DD24CFFDDA00E9C857 /* AppDelegate.swift in Sources */,
				558813DF24CFFDDA00E9C857 /* SceneDelegate.swift in Sources */,
			);
			runOnlyForDeploymentPostprocessing = 0;
		};
/* End PBXSourcesBuildPhase section */

/* Begin PBXVariantGroup section */
		558813E224CFFDDA00E9C857 /* Main.storyboard */ = {
			isa = PBXVariantGroup;
			children = (
				558813E324CFFDDA00E9C857 /* Base */,
			);
			name = Main.storyboard;
			sourceTree = "<group>";
		};
		558813E724CFFDDD00E9C857 /* LaunchScreen.storyboard */ = {
			isa = PBXVariantGroup;
			children = (
				558813E824CFFDDD00E9C857 /* Base */,
			);
			name = LaunchScreen.storyboard;
			sourceTree = "<group>";
		};
/* End PBXVariantGroup section */

/* Begin XCBuildConfiguration section */
		558813EB24CFFDDD00E9C857 /* Debug */ = {
			isa = XCBuildConfiguration;
			buildSettings = {
				ALWAYS_SEARCH_USER_PATHS = NO;
				CLANG_ANALYZER_NONNULL = YES;
				CLANG_ANALYZER_NUMBER_OBJECT_CONVERSION = YES_AGGRESSIVE;
				CLANG_CXX_LANGUAGE_STANDARD = "gnu++14";
				CLANG_CXX_LIBRARY = "libc++";
				CLANG_ENABLE_MODULES = YES;
				CLANG_ENABLE_OBJC_ARC = YES;
				CLANG_ENABLE_OBJC_WEAK = YES;
				CLANG_WARN_BLOCK_CAPTURE_AUTORELEASING = YES;
				CLANG_WARN_BOOL_CONVERSION = YES;
				CLANG_WARN_COMMA = YES;
				CLANG_WARN_CONSTANT_CONVERSION = YES;
				CLANG_WARN_DEPRECATED_OBJC_IMPLEMENTATIONS = YES;
				CLANG_WARN_DIRECT_OBJC_ISA_USAGE = YES_ERROR;
				CLANG_WARN_DOCUMENTATION_COMMENTS = YES;
				CLANG_WARN_EMPTY_BODY = YES;
				CLANG_WARN_ENUM_CONVERSION = YES;
				CLANG_WARN_INFINITE_RECURSION = YES;
				CLANG_WARN_INT_CONVERSION = YES;
				CLANG_WARN_NON_LITERAL_NULL_CONVERSION = YES;
				CLANG_WARN_OBJC_IMPLICIT_RETAIN_SELF = YES;
				CLANG_WARN_OBJC_LITERAL_CONVERSION = YES;
				CLANG_WARN_OBJC_ROOT_CLASS = YES_ERROR;
				CLANG_WARN_RANGE_LOOP_ANALYSIS = YES;
				CLANG_WARN_STRICT_PROTOTYPES = YES;
				CLANG_WARN_SUSPICIOUS_MOVE = YES;
				CLANG_WARN_UNGUARDED_AVAILABILITY = YES_AGGRESSIVE;
				CLANG_WARN_UNREACHABLE_CODE = YES;
				CLANG_WARN__DUPLICATE_METHOD_MATCH = YES;
				COPY_PHASE_STRIP = NO;
				DEBUG_INFORMATION_FORMAT = dwarf;
				ENABLE_STRICT_OBJC_MSGSEND = YES;
				ENABLE_TESTABILITY = YES;
				GCC_C_LANGUAGE_STANDARD = gnu11;
				GCC_DYNAMIC_NO_PIC = NO;
				GCC_NO_COMMON_BLOCKS = YES;
				GCC_OPTIMIZATION_LEVEL = 0;
				GCC_PREPROCESSOR_DEFINITIONS = (
					"DEBUG=1",
					"$(inherited)",
				);
				GCC_WARN_64_TO_32_BIT_CONVERSION = YES;
				GCC_WARN_ABOUT_RETURN_TYPE = YES_ERROR;
				GCC_WARN_UNDECLARED_SELECTOR = YES;
				GCC_WARN_UNINITIALIZED_AUTOS = YES_AGGRESSIVE;
				GCC_WARN_UNUSED_FUNCTION = YES;
				GCC_WARN_UNUSED_VARIABLE = YES;
				IPHONEOS_DEPLOYMENT_TARGET = 13.6;
				MTL_ENABLE_DEBUG_INFO = INCLUDE_SOURCE;
				MTL_FAST_MATH = YES;
				ONLY_ACTIVE_ARCH = YES;
				SDKROOT = iphoneos;
				SWIFT_ACTIVE_COMPILATION_CONDITIONS = DEBUG;
				SWIFT_OPTIMIZATION_LEVEL = "-Onone";
			};
			name = Debug;
		};
		558813EC24CFFDDD00E9C857 /* Release */ = {
			isa = XCBuildConfiguration;
			buildSettings = {
				ALWAYS_SEARCH_USER_PATHS = NO;
				CLANG_ANALYZER_NONNULL = YES;
				CLANG_ANALYZER_NUMBER_OBJECT_CONVERSION = YES_AGGRESSIVE;
				CLANG_CXX_LANGUAGE_STANDARD = "gnu++14";
				CLANG_CXX_LIBRARY = "libc++";
				CLANG_ENABLE_MODULES = YES;
				CLANG_ENABLE_OBJC_ARC = YES;
				CLANG_ENABLE_OBJC_WEAK = YES;
				CLANG_WARN_BLOCK_CAPTURE_AUTORELEASING = YES;
				CLANG_WARN_BOOL_CONVERSION = YES;
				CLANG_WARN_COMMA = YES;
				CLANG_WARN_CONSTANT_CONVERSION = YES;
				CLANG_WARN_DEPRECATED_OBJC_IMPLEMENTATIONS = YES;
				CLANG_WARN_DIRECT_OBJC_ISA_USAGE = YES_ERROR;
				CLANG_WARN_DOCUMENTATION_COMMENTS = YES;
				CLANG_WARN_EMPTY_BODY = YES;
				CLANG_WARN_ENUM_CONVERSION = YES;
				CLANG_WARN_INFINITE_RECURSION = YES;
				CLANG_WARN_INT_CONVERSION = YES;
				CLANG_WARN_NON_LITERAL_NULL_CONVERSION = YES;
				CLANG_WARN_OBJC_IMPLICIT_RETAIN_SELF = YES;
				CLANG_WARN_OBJC_LITERAL_CONVERSION = YES;
				CLANG_WARN_OBJC_ROOT_CLASS = YES_ERROR;
				CLANG_WARN_RANGE_LOOP_ANALYSIS = YES;
				CLANG_WARN_STRICT_PROTOTYPES = YES;
				CLANG_WARN_SUSPICIOUS_MOVE = YES;
				CLANG_WARN_UNGUARDED_AVAILABILITY = YES_AGGRESSIVE;
				CLANG_WARN_UNREACHABLE_CODE = YES;
				CLANG_WARN__DUPLICATE_METHOD_MATCH = YES;
				COPY_PHASE_STRIP = NO;
				DEBUG_INFORMATION_FORMAT = "dwarf-with-dsym";
				ENABLE_NS_ASSERTIONS = NO;
				ENABLE_STRICT_OBJC_MSGSEND = YES;
				GCC_C_LANGUAGE_STANDARD = gnu11;
				GCC_NO_COMMON_BLOCKS = YES;
				GCC_WARN_64_TO_32_BIT_CONVERSION = YES;
				GCC_WARN_ABOUT_RETURN_TYPE = YES_ERROR;
				GCC_WARN_UNDECLARED_SELECTOR = YES;
				GCC_WARN_UNINITIALIZED_AUTOS = YES_AGGRESSIVE;
				GCC_WARN_UNUSED_FUNCTION = YES;
				GCC_WARN_UNUSED_VARIABLE = YES;
				IPHONEOS_DEPLOYMENT_TARGET = 13.6;
				MTL_ENABLE_DEBUG_INFO = NO;
				MTL_FAST_MATH = YES;
				SDKROOT = iphoneos;
				SWIFT_COMPILATION_MODE = wholemodule;
				SWIFT_OPTIMIZATION_LEVEL = "-O";
				VALIDATE_PRODUCT = YES;
			};
			name = Release;
		};
		558813EE24CFFDDD00E9C857 /* Debug */ = {
			isa = XCBuildConfiguration;
			buildSettings = {
				ASSETCATALOG_COMPILER_APPICON_NAME = AppIcon;
				CODE_SIGN_STYLE = Automatic;
				DEVELOPMENT_TEAM = 3XVKPQ55YF;
				FRAMEWORK_SEARCH_PATHS = (
					"$(inherited)",
					"$(PROJECT_DIR)",
				);
				INFOPLIST_FILE = kakaoLogin/Info.plist;
				LD_RUNPATH_SEARCH_PATHS = (
					"$(inherited)",
					"@executable_path/Frameworks",
				);
				OTHER_LDFLAGS = "-all_load";
				PRODUCT_BUNDLE_IDENTIFIER = com.kbw2204.kakaoLogin;
				PRODUCT_NAME = "$(TARGET_NAME)";
				SWIFT_OBJC_BRIDGING_HEADER = "./KakaoOpenSDK-Bridging-Header.h";
				SWIFT_VERSION = 5.0;
				TARGETED_DEVICE_FAMILY = "1,2";
			};
			name = Debug;
		};
		558813EF24CFFDDD00E9C857 /* Release */ = {
			isa = XCBuildConfiguration;
			buildSettings = {
				ASSETCATALOG_COMPILER_APPICON_NAME = AppIcon;
				CODE_SIGN_STYLE = Automatic;
				DEVELOPMENT_TEAM = 3XVKPQ55YF;
				FRAMEWORK_SEARCH_PATHS = (
					"$(inherited)",
					"$(PROJECT_DIR)",
				);
				INFOPLIST_FILE = kakaoLogin/Info.plist;
				LD_RUNPATH_SEARCH_PATHS = (
					"$(inherited)",
					"@executable_path/Frameworks",
				);
				OTHER_LDFLAGS = "-all_load";
				PRODUCT_BUNDLE_IDENTIFIER = com.kbw2204.kakaoLogin;
				PRODUCT_NAME = "$(TARGET_NAME)";
				SWIFT_OBJC_BRIDGING_HEADER = "./KakaoOpenSDK-Bridging-Header.h";
				SWIFT_VERSION = 5.0;
				TARGETED_DEVICE_FAMILY = "1,2";
			};
			name = Release;
		};
/* End XCBuildConfiguration section */

/* Begin XCConfigurationList section */
		558813D424CFFDDA00E9C857 /* Build configuration list for PBXProject "kakaoLogin" */ = {
			isa = XCConfigurationList;
			buildConfigurations = (
				558813EB24CFFDDD00E9C857 /* Debug */,
				558813EC24CFFDDD00E9C857 /* Release */,
			);
			defaultConfigurationIsVisible = 0;
			defaultConfigurationName = Release;
		};
		558813ED24CFFDDD00E9C857 /* Build configuration list for PBXNativeTarget "kakaoLogin" */ = {
			isa = XCConfigurationList;
			buildConfigurations = (
				558813EE24CFFDDD00E9C857 /* Debug */,
				558813EF24CFFDDD00E9C857 /* Release */,
			);
			defaultConfigurationIsVisible = 0;
			defaultConfigurationName = Release;
		};
/* End XCConfigurationList section */
	};
	rootObject = 558813D124CFFDDA00E9C857 /* Project object */;
}
